
Microsoft Visual Studio Solution File, Format Version 12.00
Project("{2150E333-8FDC-42A3-9474-1A3956D46DE8}") = "src", "src", "{D5F9E2CB-1039-497B-B303-20DA0077693D}"
EndProject
Project("{2150E333-8FDC-42A3-9474-1A3956D46DE8}") = "tests", "tests", "{06BF60B1-2DDB-4BFC-9160-B0DD71A34BE5}"
EndProject
Project("{2150E333-8FDC-42A3-9474-1A3956D46DE8}") = "docs", "docs", "{66714335-3E2E-438F-9B87-82478D8CF8EA}"
EndProject
Project("{2150E333-8FDC-42A3-9474-1A3956D46DE8}") = "core", "core", "{99B925B1-F545-46E3-8DE8-69D5BD560E40}"
EndProject
Project("{2150E333-8FDC-42A3-9474-1A3956D46DE8}") = "infrastructure", "infrastructure", "{CC50031B-45BD-40E9-B7DE-946914300EC4}"
EndProject
Project("{FAE04EC0-301F-11D3-BF4B-00C04F79EFBC}") = "Roborally.core.domain", "src\core\Roborally.core.domain\Roborally.core.domain.csproj", "{169B0E01-850B-431B-BC77-67447D465653}"
EndProject
Project("{FAE04EC0-301F-11D3-BF4B-00C04F79EFBC}") = "Roborally.core.application", "src\core\Roborally.core.application\Roborally.core.application.csproj", "{CD959352-57C8-4302-8BCB-3CB3B6D42F9F}"
EndProject
Project("{FAE04EC0-301F-11D3-BF4B-00C04F79EFBC}") = "Roborally.infrastructure.persistence", "src\infrastructure\Roborally.infrastructure.persistence\Roborally.infrastructure.persistence.csproj", "{22DF0962-8172-43C4-9BBC-37E5A5FC595B}"
EndProject
Project("{FAE04EC0-301F-11D3-BF4B-00C04F79EFBC}") = "Roborally.webapi", "src\Roborally.webapi\Roborally.webapi.csproj", "{1AEF5811-ACF7-46A2-958E-D06B8553B9AC}"
EndProject
Project("{FAE04EC0-301F-11D3-BF4B-00C04F79EFBC}") = "Roborally.unitTests", "tests\Roborally.unitTests\Roborally.unitTests.csproj", "{CF954805-8279-4AD6-B763-5E47F190BDA1}"
EndProject
Project("{FAE04EC0-301F-11D3-BF4B-00C04F79EFBC}") = "Roborally.integrationTests", "tests\Roborally.integrationTests\Roborally.integrationTests.csproj", "{73EB7F41-4753-47E3-86A4-A253A0F859FB}"
EndProject
Project("{FAE04EC0-301F-11D3-BF4B-00C04F79EFBC}") = "Documentations", "docs\Documentations\Documentations.csproj", "{3BAAB867-DE54-4970-9589-0F97C480E43F}"
EndProject
Project("{FAE04EC0-301F-11D3-BF4B-00C04F79EFBC}") = "Roborally.infrastructure.broadcaster", "src\infrastructure\Roborally.infrastructure.broadcaster\Roborally.infrastructure.broadcaster.csproj", "{AACADD1A-AA20-473B-AB0C-63194651CC6A}"
EndProject
Global
	GlobalSection(SolutionConfigurationPlatforms) = preSolution
		Debug|Any CPU = Debug|Any CPU
		Release|Any CPU = Release|Any CPU
	EndGlobalSection
	GlobalSection(NestedProjects) = preSolution
		{99B925B1-F545-46E3-8DE8-69D5BD560E40} = {D5F9E2CB-1039-497B-B303-20DA0077693D}
		{CC50031B-45BD-40E9-B7DE-946914300EC4} = {D5F9E2CB-1039-497B-B303-20DA0077693D}
		{169B0E01-850B-431B-BC77-67447D465653} = {99B925B1-F545-46E3-8DE8-69D5BD560E40}
		{CD959352-57C8-4302-8BCB-3CB3B6D42F9F} = {99B925B1-F545-46E3-8DE8-69D5BD560E40}
		{22DF0962-8172-43C4-9BBC-37E5A5FC595B} = {CC50031B-45BD-40E9-B7DE-946914300EC4}
		{1AEF5811-ACF7-46A2-958E-D06B8553B9AC} = {D5F9E2CB-1039-497B-B303-20DA0077693D}
		{CF954805-8279-4AD6-B763-5E47F190BDA1} = {06BF60B1-2DDB-4BFC-9160-B0DD71A34BE5}
		{73EB7F41-4753-47E3-86A4-A253A0F859FB} = {06BF60B1-2DDB-4BFC-9160-B0DD71A34BE5}
		{3BAAB867-DE54-4970-9589-0F97C480E43F} = {66714335-3E2E-438F-9B87-82478D8CF8EA}
		{AACADD1A-AA20-473B-AB0C-63194651CC6A} = {CC50031B-45BD-40E9-B7DE-946914300EC4}
	EndGlobalSection
	GlobalSection(ProjectConfigurationPlatforms) = postSolution
		{169B0E01-850B-431B-BC77-67447D465653}.Debug|Any CPU.ActiveCfg = Debug|Any CPU
		{169B0E01-850B-431B-BC77-67447D465653}.Debug|Any CPU.Build.0 = Debug|Any CPU
		{169B0E01-850B-431B-BC77-67447D465653}.Release|Any CPU.ActiveCfg = Release|Any CPU
		{169B0E01-850B-431B-BC77-67447D465653}.Release|Any CPU.Build.0 = Release|Any CPU
		{CD959352-57C8-4302-8BCB-3CB3B6D42F9F}.Debug|Any CPU.ActiveCfg = Debug|Any CPU
		{CD959352-57C8-4302-8BCB-3CB3B6D42F9F}.Debug|Any CPU.Build.0 = Debug|Any CPU
		{CD959352-57C8-4302-8BCB-3CB3B6D42F9F}.Release|Any CPU.ActiveCfg = Release|Any CPU
		{CD959352-57C8-4302-8BCB-3CB3B6D42F9F}.Release|Any CPU.Build.0 = Release|Any CPU
		{22DF0962-8172-43C4-9BBC-37E5A5FC595B}.Debug|Any CPU.ActiveCfg = Debug|Any CPU
		{22DF0962-8172-43C4-9BBC-37E5A5FC595B}.Debug|Any CPU.Build.0 = Debug|Any CPU
		{22DF0962-8172-43C4-9BBC-37E5A5FC595B}.Release|Any CPU.ActiveCfg = Release|Any CPU
		{22DF0962-8172-43C4-9BBC-37E5A5FC595B}.Release|Any CPU.Build.0 = Release|Any CPU
		{1AEF5811-ACF7-46A2-958E-D06B8553B9AC}.Debug|Any CPU.ActiveCfg = Debug|Any CPU
		{1AEF5811-ACF7-46A2-958E-D06B8553B9AC}.Debug|Any CPU.Build.0 = Debug|Any CPU
		{1AEF5811-ACF7-46A2-958E-D06B8553B9AC}.Release|Any CPU.ActiveCfg = Release|Any CPU
		{1AEF5811-ACF7-46A2-958E-D06B8553B9AC}.Release|Any CPU.Build.0 = Release|Any CPU
		{CF954805-8279-4AD6-B763-5E47F190BDA1}.Debug|Any CPU.ActiveCfg = Debug|Any CPU
		{CF954805-8279-4AD6-B763-5E47F190BDA1}.Debug|Any CPU.Build.0 = Debug|Any CPU
		{CF954805-8279-4AD6-B763-5E47F190BDA1}.Release|Any CPU.ActiveCfg = Release|Any CPU
		{CF954805-8279-4AD6-B763-5E47F190BDA1}.Release|Any CPU.Build.0 = Release|Any CPU
		{73EB7F41-4753-47E3-86A4-A253A0F859FB}.Debug|Any CPU.ActiveCfg = Debug|Any CPU
		{73EB7F41-4753-47E3-86A4-A253A0F859FB}.Debug|Any CPU.Build.0 = Debug|Any CPU
		{73EB7F41-4753-47E3-86A4-A253A0F859FB}.Release|Any CPU.ActiveCfg = Release|Any CPU
		{73EB7F41-4753-47E3-86A4-A253A0F859FB}.Release|Any CPU.Build.0 = Release|Any CPU
		{3BAAB867-DE54-4970-9589-0F97C480E43F}.Debug|Any CPU.ActiveCfg = Debug|Any CPU
		{3BAAB867-DE54-4970-9589-0F97C480E43F}.Debug|Any CPU.Build.0 = Debug|Any CPU
		{3BAAB867-DE54-4970-9589-0F97C480E43F}.Release|Any CPU.ActiveCfg = Release|Any CPU
		{3BAAB867-DE54-4970-9589-0F97C480E43F}.Release|Any CPU.Build.0 = Release|Any CPU
		{AACADD1A-AA20-473B-AB0C-63194651CC6A}.Debug|Any CPU.ActiveCfg = Debug|Any CPU
		{AACADD1A-AA20-473B-AB0C-63194651CC6A}.Debug|Any CPU.Build.0 = Debug|Any CPU
		{AACADD1A-AA20-473B-AB0C-63194651CC6A}.Release|Any CPU.ActiveCfg = Release|Any CPU
		{AACADD1A-AA20-473B-AB0C-63194651CC6A}.Release|Any CPU.Build.0 = Release|Any CPU
	EndGlobalSection
EndGlobal
